// !$*UTF8*$!
{
	archiveVersion = 1;
	classes = {
	};
	objectVersion = 56;
	objects = {

/* Begin PBXBuildFile section */
		7D1428C72A8CEC7300D2F355 /* AppDelegate.swift in Sources */ = {isa = PBXBuildFile; fileRef = 7D1428C62A8CEC7300D2F355 /* AppDelegate.swift */; };
		7D1428C92A8CEC7300D2F355 /* SceneDelegate.swift in Sources */ = {isa = PBXBuildFile; fileRef = 7D1428C82A8CEC7300D2F355 /* SceneDelegate.swift */; };
		7D1428CB2A8CEC7300D2F355 /* SplashViewController.swift in Sources */ = {isa = PBXBuildFile; fileRef = 7D1428CA2A8CEC7300D2F355 /* SplashViewController.swift */; };
		7D1428CE2A8CEC7300D2F355 /* Main.storyboard in Resources */ = {isa = PBXBuildFile; fileRef = 7D1428CC2A8CEC7300D2F355 /* Main.storyboard */; };
		7D1428D02A8CEC7500D2F355 /* Assets.xcassets in Resources */ = {isa = PBXBuildFile; fileRef = 7D1428CF2A8CEC7500D2F355 /* Assets.xcassets */; };
		7D1428D32A8CEC7500D2F355 /* LaunchScreen.storyboard in Resources */ = {isa = PBXBuildFile; fileRef = 7D1428D12A8CEC7500D2F355 /* LaunchScreen.storyboard */; };
		7D1428DC2A8CEFDA00D2F355 /* Lottie in Frameworks */ = {isa = PBXBuildFile; productRef = 7D1428DB2A8CEFDA00D2F355 /* Lottie */; };
		7D1428DE2A8CEFEC00D2F355 /* search.json in Resources */ = {isa = PBXBuildFile; fileRef = 7D1428DD2A8CEFEC00D2F355 /* search.json */; };
		7D1428E32A8D0DAC00D2F355 /* BrowerViewController.swift in Sources */ = {isa = PBXBuildFile; fileRef = 7D1428E12A8D0DAC00D2F355 /* BrowerViewController.swift */; };
		7D1428E42A8D0DAC00D2F355 /* BrowerViewController.xib in Resources */ = {isa = PBXBuildFile; fileRef = 7D1428E22A8D0DAC00D2F355 /* BrowerViewController.xib */; };
/* End PBXBuildFile section */

/* Begin PBXFileReference section */
		7D1428C32A8CEC7300D2F355 /* SipmleBrower.app */ = {isa = PBXFileReference; explicitFileType = wrapper.application; includeInIndex = 0; path = SipmleBrower.app; sourceTree = BUILT_PRODUCTS_DIR; };
		7D1428C62A8CEC7300D2F355 /* AppDelegate.swift */ = {isa = PBXFileReference; lastKnownFileType = sourcecode.swift; path = AppDelegate.swift; sourceTree = "<group>"; };
		7D1428C82A8CEC7300D2F355 /* SceneDelegate.swift */ = {isa = PBXFileReference; lastKnownFileType = sourcecode.swift; path = SceneDelegate.swift; sourceTree = "<group>"; };
		7D1428CA2A8CEC7300D2F355 /* SplashViewController.swift */ = {isa = PBXFileReference; lastKnownFileType = sourcecode.swift; path = SplashViewController.swift; sourceTree = "<group>"; };
		7D1428CD2A8CEC7300D2F355 /* Base */ = {isa = PBXFileReference; lastKnownFileType = file.storyboard; name = Base; path = Base.lproj/Main.storyboard; sourceTree = "<group>"; };
		7D1428CF2A8CEC7500D2F355 /* Assets.xcassets */ = {isa = PBXFileReference; lastKnownFileType = folder.assetcatalog; path = Assets.xcassets; sourceTree = "<group>"; };
		7D1428D22A8CEC7500D2F355 /* Base */ = {isa = PBXFileReference; lastKnownFileType = file.storyboard; name = Base; path = Base.lproj/LaunchScreen.storyboard; sourceTree = "<group>"; };
		7D1428D42A8CEC7500D2F355 /* Info.plist */ = {isa = PBXFileReference; lastKnownFileType = text.plist.xml; path = Info.plist; sourceTree = "<group>"; };
		7D1428DD2A8CEFEC00D2F355 /* search.json */ = {isa = PBXFileReference; fileEncoding = 4; lastKnownFileType = text.json; name = search.json; path = SipmleBrower/Resources/search.json; sourceTree = SOURCE_ROOT; };
		7D1428E12A8D0DAC00D2F355 /* BrowerViewController.swift */ = {isa = PBXFileReference; lastKnownFileType = sourcecode.swift; path = BrowerViewController.swift; sourceTree = "<group>"; };
		7D1428E22A8D0DAC00D2F355 /* BrowerViewController.xib */ = {isa = PBXFileReference; lastKnownFileType = file.xib; path = BrowerViewController.xib; sourceTree = "<group>"; };
/* End PBXFileReference section */

/* Begin PBXFrameworksBuildPhase section */
		7D1428C02A8CEC7300D2F355 /* Frameworks */ = {
			isa = PBXFrameworksBuildPhase;
			buildActionMask = 2147483647;
			files = (
				7D1428DC2A8CEFDA00D2F355 /* Lottie in Frameworks */,
			);
			runOnlyForDeploymentPostprocessing = 0;
		};
/* End PBXFrameworksBuildPhase section */

/* Begin PBXGroup section */
		7D1428BA2A8CEC7300D2F355 = {
			isa = PBXGroup;
			children = (
				7D1428C52A8CEC7300D2F355 /* SipmleBrower */,
				7D1428C42A8CEC7300D2F355 /* Products */,
			);
			sourceTree = "<group>";
		};
		7D1428C42A8CEC7300D2F355 /* Products */ = {
			isa = PBXGroup;
			children = (
				7D1428C32A8CEC7300D2F355 /* SipmleBrower.app */,
			);
			name = Products;
			sourceTree = "<group>";
		};
		7D1428C52A8CEC7300D2F355 /* SipmleBrower */ = {
			isa = PBXGroup;
			children = (
				7D1428E52A8D0DB600D2F355 /* XibForViewControllers */,
				7D1428E02A8D0D7C00D2F355 /* ViewControllers */,
				7D1428DF2A8CF00000D2F355 /* Resources */,
			);
			path = SipmleBrower;
			sourceTree = "<group>";
		};
		7D1428DF2A8CF00000D2F355 /* Resources */ = {
			isa = PBXGroup;
			children = (
				7D1428C82A8CEC7300D2F355 /* SceneDelegate.swift */,
				7D1428C62A8CEC7300D2F355 /* AppDelegate.swift */,
				7D1428D42A8CEC7500D2F355 /* Info.plist */,
				7D1428D12A8CEC7500D2F355 /* LaunchScreen.storyboard */,
				7D1428CF2A8CEC7500D2F355 /* Assets.xcassets */,
				7D1428DD2A8CEFEC00D2F355 /* search.json */,
				7D1428CC2A8CEC7300D2F355 /* Main.storyboard */,
			);
			path = Resources;
			sourceTree = "<group>";
		};
		7D1428E02A8D0D7C00D2F355 /* ViewControllers */ = {
			isa = PBXGroup;
			children = (
				7D1428CA2A8CEC7300D2F355 /* SplashViewController.swift */,
				7D1428E12A8D0DAC00D2F355 /* BrowerViewController.swift */,
			);
			path = ViewControllers;
			sourceTree = "<group>";
		};
		7D1428E52A8D0DB600D2F355 /* XibForViewControllers */ = {
			isa = PBXGroup;
			children = (
				7D1428E22A8D0DAC00D2F355 /* BrowerViewController.xib */,
			);
			path = XibForViewControllers;
			sourceTree = "<group>";
		};
/* End PBXGroup section */

/* Begin PBXNativeTarget section */
		7D1428C22A8CEC7300D2F355 /* SipmleBrower */ = {
			isa = PBXNativeTarget;
			buildConfigurationList = 7D1428D72A8CEC7500D2F355 /* Build configuration list for PBXNativeTarget "SipmleBrower" */;
			buildPhases = (
				7D1428BF2A8CEC7300D2F355 /* Sources */,
				7D1428C02A8CEC7300D2F355 /* Frameworks */,
				7D1428C12A8CEC7300D2F355 /* Resources */,
			);
			buildRules = (
			);
			dependencies = (
			);
			name = SipmleBrower;
			packageProductDependencies = (
				7D1428DB2A8CEFDA00D2F355 /* Lottie */,
			);
			productName = SipmleBrower;
			productReference = 7D1428C32A8CEC7300D2F355 /* SipmleBrower.app */;
			productType = "com.apple.product-type.application";
		};
/* End PBXNativeTarget section */

/* Begin PBXProject section */
		7D1428BB2A8CEC7300D2F355 /* Project object */ = {
			isa = PBXProject;
			attributes = {
				BuildIndependentTargetsInParallel = 1;
				LastSwiftUpdateCheck = 1430;
				LastUpgradeCheck = 1430;
				TargetAttributes = {
					7D1428C22A8CEC7300D2F355 = {
						CreatedOnToolsVersion = 14.3.1;
					};
				};
			};
			buildConfigurationList = 7D1428BE2A8CEC7300D2F355 /* Build configuration list for PBXProject "SipmleBrower" */;
			compatibilityVersion = "Xcode 14.0";
			developmentRegion = en;
			hasScannedForEncodings = 0;
			knownRegions = (
				en,
				Base,
			);
			mainGroup = 7D1428BA2A8CEC7300D2F355;
			packageReferences = (
				7D1428DA2A8CEFDA00D2F355 /* XCRemoteSwiftPackageReference "lottie-ios" */,
			);
			productRefGroup = 7D1428C42A8CEC7300D2F355 /* Products */;
			projectDirPath = "";
			projectRoot = "";
			targets = (
				7D1428C22A8CEC7300D2F355 /* SipmleBrower */,
			);
		};
/* End PBXProject section */

/* Begin PBXResourcesBuildPhase section */
		7D1428C12A8CEC7300D2F355 /* Resources */ = {
			isa = PBXResourcesBuildPhase;
			buildActionMask = 2147483647;
			files = (
				7D1428D32A8CEC7500D2F355 /* LaunchScreen.storyboard in Resources */,
				7D1428DE2A8CEFEC00D2F355 /* search.json in Resources */,
				7D1428D02A8CEC7500D2F355 /* Assets.xcassets in Resources */,
				7D1428CE2A8CEC7300D2F355 /* Main.storyboard in Resources */,
				7D1428E42A8D0DAC00D2F355 /* BrowerViewController.xib in Resources */,
			);
			runOnlyForDeploymentPostprocessing = 0;
		};
/* End PBXResourcesBuildPhase section */

/* Begin PBXSourcesBuildPhase section */
		7D1428BF2A8CEC7300D2F355 /* Sources */ = {
			isa = PBXSourcesBuildPhase;
			buildActionMask = 2147483647;
			files = (
				7D1428CB2A8CEC7300D2F355 /* SplashViewController.swift in Sources */,
				7D1428E32A8D0DAC00D2F355 /* BrowerViewController.swift in Sources */,
				7D1428C72A8CEC7300D2F355 /* AppDelegate.swift in Sources */,
				7D1428C92A8CEC7300D2F355 /* SceneDelegate.swift in Sources */,
			);
			runOnlyForDeploymentPostprocessing = 0;
		};
/* End PBXSourcesBuildPhase section */

/* Begin PBXVariantGroup section */
		7D1428CC2A8CEC7300D2F355 /* Main.storyboard */ = {
			isa = PBXVariantGroup;
			children = (
				7D1428CD2A8CEC7300D2F355 /* Base */,
			);
			name = Main.storyboard;
			sourceTree = "<group>";
		};
		7D1428D12A8CEC7500D2F355 /* LaunchScreen.storyboard */ = {
			isa = PBXVariantGroup;
			children = (
				7D1428D22A8CEC7500D2F355 /* Base */,
			);
			name = LaunchScreen.storyboard;
			sourceTree = "<group>";
		};
/* End PBXVariantGroup section */

/* Begin XCBuildConfiguration section */
		7D1428D52A8CEC7500D2F355 /* Debug */ = {
			isa = XCBuildConfiguration;
			buildSettings = {
				ALWAYS_SEARCH_USER_PATHS = NO;
				CLANG_ANALYZER_NONNULL = YES;
				CLANG_ANALYZER_NUMBER_OBJECT_CONVERSION = YES_AGGRESSIVE;
				CLANG_CXX_LANGUAGE_STANDARD = "gnu++20";
				CLANG_ENABLE_MODULES = YES;
				CLANG_ENABLE_OBJC_ARC = YES;
				CLANG_ENABLE_OBJC_WEAK = YES;
				CLANG_WARN_BLOCK_CAPTURE_AUTORELEASING = YES;
				CLANG_WARN_BOOL_CONVERSION = YES;
				CLANG_WARN_COMMA = YES;
				CLANG_WARN_CONSTANT_CONVERSION = YES;
				CLANG_WARN_DEPRECATED_OBJC_IMPLEMENTATIONS = YES;
				CLANG_WARN_DIRECT_OBJC_ISA_USAGE = YES_ERROR;
				CLANG_WARN_DOCUMENTATION_COMMENTS = YES;
				CLANG_WARN_EMPTY_BODY = YES;
				CLANG_WARN_ENUM_CONVERSION = YES;
				CLANG_WARN_INFINITE_RECURSION = YES;
				CLANG_WARN_INT_CONVERSION = YES;
				CLANG_WARN_NON_LITERAL_NULL_CONVERSION = YES;
				CLANG_WARN_OBJC_IMPLICIT_RETAIN_SELF = YES;
				CLANG_WARN_OBJC_LITERAL_CONVERSION = YES;
				CLANG_WARN_OBJC_ROOT_CLASS = YES_ERROR;
				CLANG_WARN_QUOTED_INCLUDE_IN_FRAMEWORK_HEADER = YES;
				CLANG_WARN_RANGE_LOOP_ANALYSIS = YES;
				CLANG_WARN_STRICT_PROTOTYPES = YES;
				CLANG_WARN_SUSPICIOUS_MOVE = YES;
				CLANG_WARN_UNGUARDED_AVAILABILITY = YES_AGGRESSIVE;
				CLANG_WARN_UNREACHABLE_CODE = YES;
				CLANG_WARN__DUPLICATE_METHOD_MATCH = YES;
				COPY_PHASE_STRIP = NO;
				DEBUG_INFORMATION_FORMAT = dwarf;
				ENABLE_STRICT_OBJC_MSGSEND = YES;
				ENABLE_TESTABILITY = YES;
				GCC_C_LANGUAGE_STANDARD = gnu11;
				GCC_DYNAMIC_NO_PIC = NO;
				GCC_NO_COMMON_BLOCKS = YES;
				GCC_OPTIMIZATION_LEVEL = 0;
				GCC_PREPROCESSOR_DEFINITIONS = (
					"DEBUG=1",
					"$(inherited)",
				);
				GCC_WARN_64_TO_32_BIT_CONVERSION = YES;
				GCC_WARN_ABOUT_RETURN_TYPE = YES_ERROR;
				GCC_WARN_UNDECLARED_SELECTOR = YES;
				GCC_WARN_UNINITIALIZED_AUTOS = YES_AGGRESSIVE;
				GCC_WARN_UNUSED_FUNCTION = YES;
				GCC_WARN_UNUSED_VARIABLE = YES;
				IPHONEOS_DEPLOYMENT_TARGET = 16.4;
				MTL_ENABLE_DEBUG_INFO = INCLUDE_SOURCE;
				MTL_FAST_MATH = YES;
				ONLY_ACTIVE_ARCH = YES;
				SDKROOT = iphoneos;
				SWIFT_ACTIVE_COMPILATION_CONDITIONS = DEBUG;
				SWIFT_OPTIMIZATION_LEVEL = "-Onone";
			};
			name = Debug;
		};
		7D1428D62A8CEC7500D2F355 /* Release */ = {
			isa = XCBuildConfiguration;
			buildSettings = {
				ALWAYS_SEARCH_USER_PATHS = NO;
				CLANG_ANALYZER_NONNULL = YES;
				CLANG_ANALYZER_NUMBER_OBJECT_CONVERSION = YES_AGGRESSIVE;
				CLANG_CXX_LANGUAGE_STANDARD = "gnu++20";
				CLANG_ENABLE_MODULES = YES;
				CLANG_ENABLE_OBJC_ARC = YES;
				CLANG_ENABLE_OBJC_WEAK = YES;
				CLANG_WARN_BLOCK_CAPTURE_AUTORELEASING = YES;
				CLANG_WARN_BOOL_CONVERSION = YES;
				CLANG_WARN_COMMA = YES;
				CLANG_WARN_CONSTANT_CONVERSION = YES;
				CLANG_WARN_DEPRECATED_OBJC_IMPLEMENTATIONS = YES;
				CLANG_WARN_DIRECT_OBJC_ISA_USAGE = YES_ERROR;
				CLANG_WARN_DOCUMENTATION_COMMENTS = YES;
				CLANG_WARN_EMPTY_BODY = YES;
				CLANG_WARN_ENUM_CONVERSION = YES;
				CLANG_WARN_INFINITE_RECURSION = YES;
				CLANG_WARN_INT_CONVERSION = YES;
				CLANG_WARN_NON_LITERAL_NULL_CONVERSION = YES;
				CLANG_WARN_OBJC_IMPLICIT_RETAIN_SELF = YES;
				CLANG_WARN_OBJC_LITERAL_CONVERSION = YES;
				CLANG_WARN_OBJC_ROOT_CLASS = YES_ERROR;
				CLANG_WARN_QUOTED_INCLUDE_IN_FRAMEWORK_HEADER = YES;
				CLANG_WARN_RANGE_LOOP_ANALYSIS = YES;
				CLANG_WARN_STRICT_PROTOTYPES = YES;
				CLANG_WARN_SUSPICIOUS_MOVE = YES;
				CLANG_WARN_UNGUARDED_AVAILABILITY = YES_AGGRESSIVE;
				CLANG_WARN_UNREACHABLE_CODE = YES;
				CLANG_WARN__DUPLICATE_METHOD_MATCH = YES;
				COPY_PHASE_STRIP = NO;
				DEBUG_INFORMATION_FORMAT = "dwarf-with-dsym";
				ENABLE_NS_ASSERTIONS = NO;
				ENABLE_STRICT_OBJC_MSGSEND = YES;
				GCC_C_LANGUAGE_STANDARD = gnu11;
				GCC_NO_COMMON_BLOCKS = YES;
				GCC_WARN_64_TO_32_BIT_CONVERSION = YES;
				GCC_WARN_ABOUT_RETURN_TYPE = YES_ERROR;
				GCC_WARN_UNDECLARED_SELECTOR = YES;
				GCC_WARN_UNINITIALIZED_AUTOS = YES_AGGRESSIVE;
				GCC_WARN_UNUSED_FUNCTION = YES;
				GCC_WARN_UNUSED_VARIABLE = YES;
				IPHONEOS_DEPLOYMENT_TARGET = 16.4;
				MTL_ENABLE_DEBUG_INFO = NO;
				MTL_FAST_MATH = YES;
				SDKROOT = iphoneos;
				SWIFT_COMPILATION_MODE = wholemodule;
				SWIFT_OPTIMIZATION_LEVEL = "-O";
				VALIDATE_PRODUCT = YES;
			};
			name = Release;
		};
		7D1428D82A8CEC7500D2F355 /* Debug */ = {
			isa = XCBuildConfiguration;
			buildSettings = {
				ASSETCATALOG_COMPILER_APPICON_NAME = AppIcon;
				ASSETCATALOG_COMPILER_GLOBAL_ACCENT_COLOR_NAME = AccentColor;
				CODE_SIGN_STYLE = Automatic;
				CURRENT_PROJECT_VERSION = 1;
				DEVELOPMENT_TEAM = U35946W2F2;
				GENERATE_INFOPLIST_FILE = YES;
				INFOPLIST_FILE = SipmleBrower/Resources/Info.plist;
				INFOPLIST_KEY_UIApplicationSupportsIndirectInputEvents = YES;
				INFOPLIST_KEY_UILaunchStoryboardName = LaunchScreen;
				INFOPLIST_KEY_UIMainStoryboardFile = Main;
				INFOPLIST_KEY_UISupportedInterfaceOrientations_iPad = "UIInterfaceOrientationPortrait UIInterfaceOrientationPortraitUpsideDown UIInterfaceOrientationLandscapeLeft UIInterfaceOrientationLandscapeRight";
				INFOPLIST_KEY_UISupportedInterfaceOrientations_iPhone = "UIInterfaceOrientationPortrait UIInterfaceOrientationLandscapeLeft UIInterfaceOrientationLandscapeRight";
				LD_RUNPATH_SEARCH_PATHS = (
					"$(inherited)",
					"@executable_path/Frameworks",
				);
				MARKETING_VERSION = 1.0;
				PRODUCT_BUNDLE_IDENTIFIER = seeYouLaterAligator.SipmleBrower;
				PRODUCT_NAME = "$(TARGET_NAME)";
				SWIFT_EMIT_LOC_STRINGS = YES;
				SWIFT_VERSION = 5.0;
				TARGETED_DEVICE_FAMILY = "1,2";
			};
			name = Debug;
		};
		7D1428D92A8CEC7500D2F355 /* Release */ = {
			isa = XCBuildConfiguration;
			buildSettings = {
				ASSETCATALOG_COMPILER_APPICON_NAME = AppIcon;
				ASSETCATALOG_COMPILER_GLOBAL_ACCENT_COLOR_NAME = AccentColor;
				CODE_SIGN_STYLE = Automatic;
				CURRENT_PROJECT_VERSION = 1;
				DEVELOPMENT_TEAM = U35946W2F2;
				GENERATE_INFOPLIST_FILE = YES;
				INFOPLIST_FILE = SipmleBrower/Resources/Info.plist;
				INFOPLIST_KEY_UIApplicationSupportsIndirectInputEvents = YES;
				INFOPLIST_KEY_UILaunchStoryboardName = LaunchScreen;
				INFOPLIST_KEY_UIMainStoryboardFile = Main;
				INFOPLIST_KEY_UISupportedInterfaceOrientations_iPad = "UIInterfaceOrientationPortrait UIInterfaceOrientationPortraitUpsideDown UIInterfaceOrientationLandscapeLeft UIInterfaceOrientationLandscapeRight";
				INFOPLIST_KEY_UISupportedInterfaceOrientations_iPhone = "UIInterfaceOrientationPortrait UIInterfaceOrientationLandscapeLeft UIInterfaceOrientationLandscapeRight";
				LD_RUNPATH_SEARCH_PATHS = (
					"$(inherited)",
					"@executable_path/Frameworks",
				);
				MARKETING_VERSION = 1.0;
				PRODUCT_BUNDLE_IDENTIFIER = seeYouLaterAligator.SipmleBrower;
				PRODUCT_NAME = "$(TARGET_NAME)";
				SWIFT_EMIT_LOC_STRINGS = YES;
				SWIFT_VERSION = 5.0;
				TARGETED_DEVICE_FAMILY = "1,2";
			};
			name = Release;
		};
/* End XCBuildConfiguration section */

/* Begin XCConfigurationList section */
		7D1428BE2A8CEC7300D2F355 /* Build configuration list for PBXProject "SipmleBrower" */ = {
			isa = XCConfigurationList;
			buildConfigurations = (
				7D1428D52A8CEC7500D2F355 /* Debug */,
				7D1428D62A8CEC7500D2F355 /* Release */,
			);
			defaultConfigurationIsVisible = 0;
			defaultConfigurationName = Release;
		};
		7D1428D72A8CEC7500D2F355 /* Build configuration list for PBXNativeTarget "SipmleBrower" */ = {
			isa = XCConfigurationList;
			buildConfigurations = (
				7D1428D82A8CEC7500D2F355 /* Debug */,
				7D1428D92A8CEC7500D2F355 /* Release */,
			);
			defaultConfigurationIsVisible = 0;
			defaultConfigurationName = Release;
		};
/* End XCConfigurationList section */

/* Begin XCRemoteSwiftPackageReference section */
		7D1428DA2A8CEFDA00D2F355 /* XCRemoteSwiftPackageReference "lottie-ios" */ = {
			isa = XCRemoteSwiftPackageReference;
			repositoryURL = "https://github.com/airbnb/lottie-ios.git";
			requirement = {
				kind = upToNextMajorVersion;
				minimumVersion = 4.0.0;
			};
		};
/* End XCRemoteSwiftPackageReference section */

/* Begin XCSwiftPackageProductDependency section */
		7D1428DB2A8CEFDA00D2F355 /* Lottie */ = {
			isa = XCSwiftPackageProductDependency;
			package = 7D1428DA2A8CEFDA00D2F355 /* XCRemoteSwiftPackageReference "lottie-ios" */;
			productName = Lottie;
		};
/* End XCSwiftPackageProductDependency section */
	};
	rootObject = 7D1428BB2A8CEC7300D2F355 /* Project object */;
}
